// !$*UTF8*$!
{
	archiveVersion = 1;
	classes = {
	};
	objectVersion = 53;
	objects = {

/* Begin PBXBuildFile section */
		835294AF2A64ED35009267DF /* AppDelegate.swift in Sources */ = {isa = PBXBuildFile; fileRef = 835294AE2A64ED35009267DF /* AppDelegate.swift */; };
		835294B12A64ED35009267DF /* SceneDelegate.swift in Sources */ = {isa = PBXBuildFile; fileRef = 835294B02A64ED35009267DF /* SceneDelegate.swift */; };
		835294B62A64ED35009267DF /* Main.storyboard in Resources */ = {isa = PBXBuildFile; fileRef = 835294B42A64ED35009267DF /* Main.storyboard */; };
		835294B82A64ED36009267DF /* Assets.xcassets in Resources */ = {isa = PBXBuildFile; fileRef = 835294B72A64ED36009267DF /* Assets.xcassets */; };
		835294BB2A64ED36009267DF /* LaunchScreen.storyboard in Resources */ = {isa = PBXBuildFile; fileRef = 835294B92A64ED36009267DF /* LaunchScreen.storyboard */; };
		835294C62A64ED36009267DF /* HomepwnerTests.swift in Sources */ = {isa = PBXBuildFile; fileRef = 835294C52A64ED36009267DF /* HomepwnerTests.swift */; };
		835294D02A64ED36009267DF /* HomepwnerUITests.swift in Sources */ = {isa = PBXBuildFile; fileRef = 835294CF2A64ED36009267DF /* HomepwnerUITests.swift */; };
		835294D22A64ED36009267DF /* HomepwnerUITestsLaunchTests.swift in Sources */ = {isa = PBXBuildFile; fileRef = 835294D12A64ED36009267DF /* HomepwnerUITestsLaunchTests.swift */; };
		835294DF2A64EF36009267DF /* ItemsViewController.swift in Sources */ = {isa = PBXBuildFile; fileRef = 835294DE2A64EF36009267DF /* ItemsViewController.swift */; };
		835294E12A64F0E1009267DF /* Item.swift in Sources */ = {isa = PBXBuildFile; fileRef = 835294E02A64F0E1009267DF /* Item.swift */; };
		835294E32A662E7F009267DF /* ItemStore.swift in Sources */ = {isa = PBXBuildFile; fileRef = 835294E22A662E7F009267DF /* ItemStore.swift */; };
		838A8EA62A6CF71F00022B89 /* DetailTextField.swift in Sources */ = {isa = PBXBuildFile; fileRef = 838A8EA52A6CF71F00022B89 /* DetailTextField.swift */; };
		839AD9502A6D9C1600967B98 /* ChangeDateViewController.swift in Sources */ = {isa = PBXBuildFile; fileRef = 839AD94F2A6D9C1600967B98 /* ChangeDateViewController.swift */; };
		83DEEB402A6B02AC004717BD /* ItemCell.swift in Sources */ = {isa = PBXBuildFile; fileRef = 83DEEB3F2A6B02AC004717BD /* ItemCell.swift */; };
		83DEEB422A6B67DE004717BD /* DetailViewController.swift in Sources */ = {isa = PBXBuildFile; fileRef = 83DEEB412A6B67DE004717BD /* DetailViewController.swift */; };
/* End PBXBuildFile section */

/* Begin PBXContainerItemProxy section */
		835294C22A64ED36009267DF /* PBXContainerItemProxy */ = {
			isa = PBXContainerItemProxy;
			containerPortal = 835294A32A64ED35009267DF /* Project object */;
			proxyType = 1;
			remoteGlobalIDString = 835294AA2A64ED35009267DF;
			remoteInfo = Homepwner;
		};
		835294CC2A64ED36009267DF /* PBXContainerItemProxy */ = {
			isa = PBXContainerItemProxy;
			containerPortal = 835294A32A64ED35009267DF /* Project object */;
			proxyType = 1;
			remoteGlobalIDString = 835294AA2A64ED35009267DF;
			remoteInfo = Homepwner;
		};
/* End PBXContainerItemProxy section */

/* Begin PBXFileReference section */
		835294AB2A64ED35009267DF /* Homepwner.app */ = {isa = PBXFileReference; explicitFileType = wrapper.application; includeInIndex = 0; path = Homepwner.app; sourceTree = BUILT_PRODUCTS_DIR; };
		835294AE2A64ED35009267DF /* AppDelegate.swift */ = {isa = PBXFileReference; lastKnownFileType = sourcecode.swift; path = AppDelegate.swift; sourceTree = "<group>"; };
		835294B02A64ED35009267DF /* SceneDelegate.swift */ = {isa = PBXFileReference; lastKnownFileType = sourcecode.swift; path = SceneDelegate.swift; sourceTree = "<group>"; };
		835294B52A64ED35009267DF /* Base */ = {isa = PBXFileReference; lastKnownFileType = file.storyboard; name = Base; path = Base.lproj/Main.storyboard; sourceTree = "<group>"; };
		835294B72A64ED36009267DF /* Assets.xcassets */ = {isa = PBXFileReference; lastKnownFileType = folder.assetcatalog; path = Assets.xcassets; sourceTree = "<group>"; };
		835294BA2A64ED36009267DF /* Base */ = {isa = PBXFileReference; lastKnownFileType = file.storyboard; name = Base; path = Base.lproj/LaunchScreen.storyboard; sourceTree = "<group>"; };
		835294BC2A64ED36009267DF /* Info.plist */ = {isa = PBXFileReference; lastKnownFileType = text.plist.xml; path = Info.plist; sourceTree = "<group>"; };
		835294C12A64ED36009267DF /* HomepwnerTests.xctest */ = {isa = PBXFileReference; explicitFileType = wrapper.cfbundle; includeInIndex = 0; path = HomepwnerTests.xctest; sourceTree = BUILT_PRODUCTS_DIR; };
		835294C52A64ED36009267DF /* HomepwnerTests.swift */ = {isa = PBXFileReference; lastKnownFileType = sourcecode.swift; path = HomepwnerTests.swift; sourceTree = "<group>"; };
		835294CB2A64ED36009267DF /* HomepwnerUITests.xctest */ = {isa = PBXFileReference; explicitFileType = wrapper.cfbundle; includeInIndex = 0; path = HomepwnerUITests.xctest; sourceTree = BUILT_PRODUCTS_DIR; };
		835294CF2A64ED36009267DF /* HomepwnerUITests.swift */ = {isa = PBXFileReference; lastKnownFileType = sourcecode.swift; path = HomepwnerUITests.swift; sourceTree = "<group>"; };
		835294D12A64ED36009267DF /* HomepwnerUITestsLaunchTests.swift */ = {isa = PBXFileReference; lastKnownFileType = sourcecode.swift; path = HomepwnerUITestsLaunchTests.swift; sourceTree = "<group>"; };
		835294DE2A64EF36009267DF /* ItemsViewController.swift */ = {isa = PBXFileReference; lastKnownFileType = sourcecode.swift; path = ItemsViewController.swift; sourceTree = "<group>"; };
		835294E02A64F0E1009267DF /* Item.swift */ = {isa = PBXFileReference; lastKnownFileType = sourcecode.swift; path = Item.swift; sourceTree = "<group>"; };
		835294E22A662E7F009267DF /* ItemStore.swift */ = {isa = PBXFileReference; lastKnownFileType = sourcecode.swift; path = ItemStore.swift; sourceTree = "<group>"; };
		838A8EA52A6CF71F00022B89 /* DetailTextField.swift */ = {isa = PBXFileReference; lastKnownFileType = sourcecode.swift; path = DetailTextField.swift; sourceTree = "<group>"; };
		839AD94F2A6D9C1600967B98 /* ChangeDateViewController.swift */ = {isa = PBXFileReference; lastKnownFileType = sourcecode.swift; path = ChangeDateViewController.swift; sourceTree = "<group>"; };
		83DEEB3F2A6B02AC004717BD /* ItemCell.swift */ = {isa = PBXFileReference; lastKnownFileType = sourcecode.swift; path = ItemCell.swift; sourceTree = "<group>"; };
		83DEEB412A6B67DE004717BD /* DetailViewController.swift */ = {isa = PBXFileReference; lastKnownFileType = sourcecode.swift; path = DetailViewController.swift; sourceTree = "<group>"; };
/* End PBXFileReference section */

/* Begin PBXFrameworksBuildPhase section */
		835294A82A64ED35009267DF /* Frameworks */ = {
			isa = PBXFrameworksBuildPhase;
			buildActionMask = 2147483647;
			files = (
			);
			runOnlyForDeploymentPostprocessing = 0;
		};
		835294BE2A64ED36009267DF /* Frameworks */ = {
			isa = PBXFrameworksBuildPhase;
			buildActionMask = 2147483647;
			files = (
			);
			runOnlyForDeploymentPostprocessing = 0;
		};
		835294C82A64ED36009267DF /* Frameworks */ = {
			isa = PBXFrameworksBuildPhase;
			buildActionMask = 2147483647;
			files = (
			);
			runOnlyForDeploymentPostprocessing = 0;
		};
/* End PBXFrameworksBuildPhase section */

/* Begin PBXGroup section */
		835294A22A64ED35009267DF = {
			isa = PBXGroup;
			children = (
				835294AD2A64ED35009267DF /* Homepwner */,
				835294C42A64ED36009267DF /* HomepwnerTests */,
				835294CE2A64ED36009267DF /* HomepwnerUITests */,
				835294AC2A64ED35009267DF /* Products */,
			);
			sourceTree = "<group>";
		};
		835294AC2A64ED35009267DF /* Products */ = {
			isa = PBXGroup;
			children = (
				835294AB2A64ED35009267DF /* Homepwner.app */,
				835294C12A64ED36009267DF /* HomepwnerTests.xctest */,
				835294CB2A64ED36009267DF /* HomepwnerUITests.xctest */,
			);
			name = Products;
			sourceTree = "<group>";
		};
		835294AD2A64ED35009267DF /* Homepwner */ = {
			isa = PBXGroup;
			children = (
				835294AE2A64ED35009267DF /* AppDelegate.swift */,
				835294E22A662E7F009267DF /* ItemStore.swift */,
				835294B02A64ED35009267DF /* SceneDelegate.swift */,
				835294DE2A64EF36009267DF /* ItemsViewController.swift */,
				838A8EA52A6CF71F00022B89 /* DetailTextField.swift */,
				83DEEB412A6B67DE004717BD /* DetailViewController.swift */,
				839AD94F2A6D9C1600967B98 /* ChangeDateViewController.swift */,
				83DEEB3F2A6B02AC004717BD /* ItemCell.swift */,
				835294B42A64ED35009267DF /* Main.storyboard */,
				835294E02A64F0E1009267DF /* Item.swift */,
				835294B72A64ED36009267DF /* Assets.xcassets */,
				835294B92A64ED36009267DF /* LaunchScreen.storyboard */,
				835294BC2A64ED36009267DF /* Info.plist */,
			);
			path = Homepwner;
			sourceTree = "<group>";
		};
		835294C42A64ED36009267DF /* HomepwnerTests */ = {
			isa = PBXGroup;
			children = (
				835294C52A64ED36009267DF /* HomepwnerTests.swift */,
			);
			path = HomepwnerTests;
			sourceTree = "<group>";
		};
		835294CE2A64ED36009267DF /* HomepwnerUITests */ = {
			isa = PBXGroup;
			children = (
				835294CF2A64ED36009267DF /* HomepwnerUITests.swift */,
				835294D12A64ED36009267DF /* HomepwnerUITestsLaunchTests.swift */,
			);
			path = HomepwnerUITests;
			sourceTree = "<group>";
		};
/* End PBXGroup section */

/* Begin PBXNativeTarget section */
		835294AA2A64ED35009267DF /* Homepwner */ = {
			isa = PBXNativeTarget;
			buildConfigurationList = 835294D52A64ED36009267DF /* Build configuration list for PBXNativeTarget "Homepwner" */;
			buildPhases = (
				835294A72A64ED35009267DF /* Sources */,
				835294A82A64ED35009267DF /* Frameworks */,
				835294A92A64ED35009267DF /* Resources */,
			);
			buildRules = (
			);
			dependencies = (
			);
			name = Homepwner;
			productName = Homepwner;
			productReference = 835294AB2A64ED35009267DF /* Homepwner.app */;
			productType = "com.apple.product-type.application";
		};
		835294C02A64ED36009267DF /* HomepwnerTests */ = {
			isa = PBXNativeTarget;
			buildConfigurationList = 835294D82A64ED36009267DF /* Build configuration list for PBXNativeTarget "HomepwnerTests" */;
			buildPhases = (
				835294BD2A64ED36009267DF /* Sources */,
				835294BE2A64ED36009267DF /* Frameworks */,
				835294BF2A64ED36009267DF /* Resources */,
			);
			buildRules = (
			);
			dependencies = (
				835294C32A64ED36009267DF /* PBXTargetDependency */,
			);
			name = HomepwnerTests;
			productName = HomepwnerTests;
			productReference = 835294C12A64ED36009267DF /* HomepwnerTests.xctest */;
			productType = "com.apple.product-type.bundle.unit-test";
		};
		835294CA2A64ED36009267DF /* HomepwnerUITests */ = {
			isa = PBXNativeTarget;
			buildConfigurationList = 835294DB2A64ED36009267DF /* Build configuration list for PBXNativeTarget "HomepwnerUITests" */;
			buildPhases = (
				835294C72A64ED36009267DF /* Sources */,
				835294C82A64ED36009267DF /* Frameworks */,
				835294C92A64ED36009267DF /* Resources */,
			);
			buildRules = (
			);
			dependencies = (
				835294CD2A64ED36009267DF /* PBXTargetDependency */,
			);
			name = HomepwnerUITests;
			productName = HomepwnerUITests;
			productReference = 835294CB2A64ED36009267DF /* HomepwnerUITests.xctest */;
			productType = "com.apple.product-type.bundle.ui-testing";
		};
/* End PBXNativeTarget section */

/* Begin PBXProject section */
		835294A32A64ED35009267DF /* Project object */ = {
			isa = PBXProject;
			attributes = {
				BuildIndependentTargetsInParallel = 1;
				LastSwiftUpdateCheck = 1430;
				LastUpgradeCheck = 1430;
				TargetAttributes = {
					835294AA2A64ED35009267DF = {
						CreatedOnToolsVersion = 14.3.1;
					};
					835294C02A64ED36009267DF = {
						CreatedOnToolsVersion = 14.3.1;
						TestTargetID = 835294AA2A64ED35009267DF;
					};
					835294CA2A64ED36009267DF = {
						CreatedOnToolsVersion = 14.3.1;
						TestTargetID = 835294AA2A64ED35009267DF;
					};
				};
			};
			buildConfigurationList = 835294A62A64ED35009267DF /* Build configuration list for PBXProject "Homepwner" */;
			compatibilityVersion = "Xcode 8.0";
			developmentRegion = en;
			hasScannedForEncodings = 0;
			knownRegions = (
				en,
				Base,
			);
			mainGroup = 835294A22A64ED35009267DF;
			productRefGroup = 835294AC2A64ED35009267DF /* Products */;
			projectDirPath = "";
			projectRoot = "";
			targets = (
				835294AA2A64ED35009267DF /* Homepwner */,
				835294C02A64ED36009267DF /* HomepwnerTests */,
				835294CA2A64ED36009267DF /* HomepwnerUITests */,
			);
		};
/* End PBXProject section */

/* Begin PBXResourcesBuildPhase section */
		835294A92A64ED35009267DF /* Resources */ = {
			isa = PBXResourcesBuildPhase;
			buildActionMask = 2147483647;
			files = (
				835294BB2A64ED36009267DF /* LaunchScreen.storyboard in Resources */,
				835294B82A64ED36009267DF /* Assets.xcassets in Resources */,
				835294B62A64ED35009267DF /* Main.storyboard in Resources */,
			);
			runOnlyForDeploymentPostprocessing = 0;
		};
		835294BF2A64ED36009267DF /* Resources */ = {
			isa = PBXResourcesBuildPhase;
			buildActionMask = 2147483647;
			files = (
			);
			runOnlyForDeploymentPostprocessing = 0;
		};
		835294C92A64ED36009267DF /* Resources */ = {
			isa = PBXResourcesBuildPhase;
			buildActionMask = 2147483647;
			files = (
			);
			runOnlyForDeploymentPostprocessing = 0;
		};
/* End PBXResourcesBuildPhase section */

/* Begin PBXSourcesBuildPhase section */
		835294A72A64ED35009267DF /* Sources */ = {
			isa = PBXSourcesBuildPhase;
			buildActionMask = 2147483647;
			files = (
				839AD9502A6D9C1600967B98 /* ChangeDateViewController.swift in Sources */,
				835294E12A64F0E1009267DF /* Item.swift in Sources */,
				835294DF2A64EF36009267DF /* ItemsViewController.swift in Sources */,
				83DEEB402A6B02AC004717BD /* ItemCell.swift in Sources */,
				835294AF2A64ED35009267DF /* AppDelegate.swift in Sources */,
				838A8EA62A6CF71F00022B89 /* DetailTextField.swift in Sources */,
				835294E32A662E7F009267DF /* ItemStore.swift in Sources */,
				835294B12A64ED35009267DF /* SceneDelegate.swift in Sources */,
				83DEEB422A6B67DE004717BD /* DetailViewController.swift in Sources */,
			);
			runOnlyForDeploymentPostprocessing = 0;
		};
		835294BD2A64ED36009267DF /* Sources */ = {
			isa = PBXSourcesBuildPhase;
			buildActionMask = 2147483647;
			files = (
				835294C62A64ED36009267DF /* HomepwnerTests.swift in Sources */,
			);
			runOnlyForDeploymentPostprocessing = 0;
		};
		835294C72A64ED36009267DF /* Sources */ = {
			isa = PBXSourcesBuildPhase;
			buildActionMask = 2147483647;
			files = (
				835294D22A64ED36009267DF /* HomepwnerUITestsLaunchTests.swift in Sources */,
				835294D02A64ED36009267DF /* HomepwnerUITests.swift in Sources */,
			);
			runOnlyForDeploymentPostprocessing = 0;
		};
/* End PBXSourcesBuildPhase section */

/* Begin PBXTargetDependency section */
		835294C32A64ED36009267DF /* PBXTargetDependency */ = {
			isa = PBXTargetDependency;
			target = 835294AA2A64ED35009267DF /* Homepwner */;
			targetProxy = 835294C22A64ED36009267DF /* PBXContainerItemProxy */;
		};
		835294CD2A64ED36009267DF /* PBXTargetDependency */ = {
			isa = PBXTargetDependency;
			target = 835294AA2A64ED35009267DF /* Homepwner */;
			targetProxy = 835294CC2A64ED36009267DF /* PBXContainerItemProxy */;
		};
/* End PBXTargetDependency section */

/* Begin PBXVariantGroup section */
		835294B42A64ED35009267DF /* Main.storyboard */ = {
			isa = PBXVariantGroup;
			children = (
				835294B52A64ED35009267DF /* Base */,
			);
			name = Main.storyboard;
			sourceTree = "<group>";
		};
		835294B92A64ED36009267DF /* LaunchScreen.storyboard */ = {
			isa = PBXVariantGroup;
			children = (
				835294BA2A64ED36009267DF /* Base */,
			);
			name = LaunchScreen.storyboard;
			sourceTree = "<group>";
		};
/* End PBXVariantGroup section */

/* Begin XCBuildConfiguration section */
		835294D32A64ED36009267DF /* Debug */ = {
			isa = XCBuildConfiguration;
			buildSettings = {
				ALWAYS_SEARCH_USER_PATHS = NO;
				CLANG_ANALYZER_NONNULL = YES;
				CLANG_ANALYZER_NUMBER_OBJECT_CONVERSION = YES_AGGRESSIVE;
				CLANG_CXX_LANGUAGE_STANDARD = "gnu++20";
				CLANG_ENABLE_MODULES = YES;
				CLANG_ENABLE_OBJC_ARC = YES;
				CLANG_ENABLE_OBJC_WEAK = YES;
				CLANG_WARN_BLOCK_CAPTURE_AUTORELEASING = YES;
				CLANG_WARN_BOOL_CONVERSION = YES;
				CLANG_WARN_COMMA = YES;
				CLANG_WARN_CONSTANT_CONVERSION = YES;
				CLANG_WARN_DEPRECATED_OBJC_IMPLEMENTATIONS = YES;
				CLANG_WARN_DIRECT_OBJC_ISA_USAGE = YES_ERROR;
				CLANG_WARN_DOCUMENTATION_COMMENTS = YES;
				CLANG_WARN_EMPTY_BODY = YES;
				CLANG_WARN_ENUM_CONVERSION = YES;
				CLANG_WARN_INFINITE_RECURSION = YES;
				CLANG_WARN_INT_CONVERSION = YES;
				CLANG_WARN_NON_LITERAL_NULL_CONVERSION = YES;
				CLANG_WARN_OBJC_IMPLICIT_RETAIN_SELF = YES;
				CLANG_WARN_OBJC_LITERAL_CONVERSION = YES;
				CLANG_WARN_OBJC_ROOT_CLASS = YES_ERROR;
				CLANG_WARN_QUOTED_INCLUDE_IN_FRAMEWORK_HEADER = YES;
				CLANG_WARN_RANGE_LOOP_ANALYSIS = YES;
				CLANG_WARN_STRICT_PROTOTYPES = YES;
				CLANG_WARN_SUSPICIOUS_MOVE = YES;
				CLANG_WARN_UNGUARDED_AVAILABILITY = YES_AGGRESSIVE;
				CLANG_WARN_UNREACHABLE_CODE = YES;
				CLANG_WARN__DUPLICATE_METHOD_MATCH = YES;
				COPY_PHASE_STRIP = NO;
				DEBUG_INFORMATION_FORMAT = dwarf;
				ENABLE_STRICT_OBJC_MSGSEND = YES;
				ENABLE_TESTABILITY = YES;
				GCC_C_LANGUAGE_STANDARD = gnu11;
				GCC_DYNAMIC_NO_PIC = NO;
				GCC_NO_COMMON_BLOCKS = YES;
				GCC_OPTIMIZATION_LEVEL = 0;
				GCC_PREPROCESSOR_DEFINITIONS = (
					"DEBUG=1",
					"$(inherited)",
				);
				GCC_WARN_64_TO_32_BIT_CONVERSION = YES;
				GCC_WARN_ABOUT_RETURN_TYPE = YES_ERROR;
				GCC_WARN_UNDECLARED_SELECTOR = YES;
				GCC_WARN_UNINITIALIZED_AUTOS = YES_AGGRESSIVE;
				GCC_WARN_UNUSED_FUNCTION = YES;
				GCC_WARN_UNUSED_VARIABLE = YES;
				IPHONEOS_DEPLOYMENT_TARGET = 16.4;
				MTL_ENABLE_DEBUG_INFO = INCLUDE_SOURCE;
				MTL_FAST_MATH = YES;
				ONLY_ACTIVE_ARCH = YES;
				SDKROOT = iphoneos;
				SWIFT_ACTIVE_COMPILATION_CONDITIONS = DEBUG;
				SWIFT_OPTIMIZATION_LEVEL = "-Onone";
			};
			name = Debug;
		};
		835294D42A64ED36009267DF /* Release */ = {
			isa = XCBuildConfiguration;
			buildSettings = {
				ALWAYS_SEARCH_USER_PATHS = NO;
				CLANG_ANALYZER_NONNULL = YES;
				CLANG_ANALYZER_NUMBER_OBJECT_CONVERSION = YES_AGGRESSIVE;
				CLANG_CXX_LANGUAGE_STANDARD = "gnu++20";
				CLANG_ENABLE_MODULES = YES;
				CLANG_ENABLE_OBJC_ARC = YES;
				CLANG_ENABLE_OBJC_WEAK = YES;
				CLANG_WARN_BLOCK_CAPTURE_AUTORELEASING = YES;
				CLANG_WARN_BOOL_CONVERSION = YES;
				CLANG_WARN_COMMA = YES;
				CLANG_WARN_CONSTANT_CONVERSION = YES;
				CLANG_WARN_DEPRECATED_OBJC_IMPLEMENTATIONS = YES;
				CLANG_WARN_DIRECT_OBJC_ISA_USAGE = YES_ERROR;
				CLANG_WARN_DOCUMENTATION_COMMENTS = YES;
				CLANG_WARN_EMPTY_BODY = YES;
				CLANG_WARN_ENUM_CONVERSION = YES;
				CLANG_WARN_INFINITE_RECURSION = YES;
				CLANG_WARN_INT_CONVERSION = YES;
				CLANG_WARN_NON_LITERAL_NULL_CONVERSION = YES;
				CLANG_WARN_OBJC_IMPLICIT_RETAIN_SELF = YES;
				CLANG_WARN_OBJC_LITERAL_CONVERSION = YES;
				CLANG_WARN_OBJC_ROOT_CLASS = YES_ERROR;
				CLANG_WARN_QUOTED_INCLUDE_IN_FRAMEWORK_HEADER = YES;
				CLANG_WARN_RANGE_LOOP_ANALYSIS = YES;
				CLANG_WARN_STRICT_PROTOTYPES = YES;
				CLANG_WARN_SUSPICIOUS_MOVE = YES;
				CLANG_WARN_UNGUARDED_AVAILABILITY = YES_AGGRESSIVE;
				CLANG_WARN_UNREACHABLE_CODE = YES;
				CLANG_WARN__DUPLICATE_METHOD_MATCH = YES;
				COPY_PHASE_STRIP = NO;
				DEBUG_INFORMATION_FORMAT = "dwarf-with-dsym";
				ENABLE_NS_ASSERTIONS = NO;
				ENABLE_STRICT_OBJC_MSGSEND = YES;
				GCC_C_LANGUAGE_STANDARD = gnu11;
				GCC_NO_COMMON_BLOCKS = YES;
				GCC_WARN_64_TO_32_BIT_CONVERSION = YES;
				GCC_WARN_ABOUT_RETURN_TYPE = YES_ERROR;
				GCC_WARN_UNDECLARED_SELECTOR = YES;
				GCC_WARN_UNINITIALIZED_AUTOS = YES_AGGRESSIVE;
				GCC_WARN_UNUSED_FUNCTION = YES;
				GCC_WARN_UNUSED_VARIABLE = YES;
				IPHONEOS_DEPLOYMENT_TARGET = 16.4;
				MTL_ENABLE_DEBUG_INFO = NO;
				MTL_FAST_MATH = YES;
				SDKROOT = iphoneos;
				SWIFT_COMPILATION_MODE = wholemodule;
				SWIFT_OPTIMIZATION_LEVEL = "-O";
				VALIDATE_PRODUCT = YES;
			};
			name = Release;
		};
		835294D62A64ED36009267DF /* Debug */ = {
			isa = XCBuildConfiguration;
			buildSettings = {
				ASSETCATALOG_COMPILER_APPICON_NAME = AppIcon;
				ASSETCATALOG_COMPILER_GLOBAL_ACCENT_COLOR_NAME = AccentColor;
				CODE_SIGN_IDENTITY = "Apple Development";
				CODE_SIGN_STYLE = Automatic;
				CURRENT_PROJECT_VERSION = 1;
				DEVELOPMENT_TEAM = J9NUV485VA;
				GENERATE_INFOPLIST_FILE = YES;
				INFOPLIST_FILE = Homepwner/Info.plist;
				INFOPLIST_KEY_UIApplicationSupportsIndirectInputEvents = YES;
				INFOPLIST_KEY_UILaunchStoryboardName = LaunchScreen;
				INFOPLIST_KEY_UIMainStoryboardFile = Main;
				INFOPLIST_KEY_UISupportedInterfaceOrientations_iPad = "UIInterfaceOrientationPortrait UIInterfaceOrientationPortraitUpsideDown UIInterfaceOrientationLandscapeLeft UIInterfaceOrientationLandscapeRight";
				INFOPLIST_KEY_UISupportedInterfaceOrientations_iPhone = "UIInterfaceOrientationPortrait UIInterfaceOrientationLandscapeLeft UIInterfaceOrientationLandscapeRight";
				IPHONEOS_DEPLOYMENT_TARGET = 14.0;
				LD_RUNPATH_SEARCH_PATHS = (
					"$(inherited)",
					"@executable_path/Frameworks",
				);
				MARKETING_VERSION = 1.0;
				PRODUCT_BUNDLE_IDENTIFIER = com.jcundiff.Homepwner;
				PRODUCT_NAME = "$(TARGET_NAME)";
				PROVISIONING_PROFILE_SPECIFIER = "";
				SUPPORTED_PLATFORMS = "iphoneos iphonesimulator";
				SUPPORTS_MACCATALYST = NO;
				SUPPORTS_MAC_DESIGNED_FOR_IPHONE_IPAD = NO;
				SWIFT_EMIT_LOC_STRINGS = YES;
				SWIFT_VERSION = 5.0;
				TARGETED_DEVICE_FAMILY = 1;
			};
			name = Debug;
		};
		835294D72A64ED36009267DF /* Release */ = {
			isa = XCBuildConfiguration;
			buildSettings = {
				ASSETCATALOG_COMPILER_APPICON_NAME = AppIcon;
				ASSETCATALOG_COMPILER_GLOBAL_ACCENT_COLOR_NAME = AccentColor;
				CODE_SIGN_IDENTITY = "Apple Development";
				CODE_SIGN_STYLE = Automatic;
				CURRENT_PROJECT_VERSION = 1;
				DEVELOPMENT_TEAM = J9NUV485VA;
				GENERATE_INFOPLIST_FILE = YES;
				INFOPLIST_FILE = Homepwner/Info.plist;
				INFOPLIST_KEY_UIApplicationSupportsIndirectInputEvents = YES;
				INFOPLIST_KEY_UILaunchStoryboardName = LaunchScreen;
				INFOPLIST_KEY_UIMainStoryboardFile = Main;
				INFOPLIST_KEY_UISupportedInterfaceOrientations_iPad = "UIInterfaceOrientationPortrait UIInterfaceOrientationPortraitUpsideDown UIInterfaceOrientationLandscapeLeft UIInterfaceOrientationLandscapeRight";
				INFOPLIST_KEY_UISupportedInterfaceOrientations_iPhone = "UIInterfaceOrientationPortrait UIInterfaceOrientationLandscapeLeft UIInterfaceOrientationLandscapeRight";
				IPHONEOS_DEPLOYMENT_TARGET = 14.0;
				LD_RUNPATH_SEARCH_PATHS = (
					"$(inherited)",
					"@executable_path/Frameworks",
				);
				MARKETING_VERSION = 1.0;
				PRODUCT_BUNDLE_IDENTIFIER = com.jcundiff.Homepwner;
				PRODUCT_NAME = "$(TARGET_NAME)";
				PROVISIONING_PROFILE_SPECIFIER = "";
				SUPPORTED_PLATFORMS = "iphoneos iphonesimulator";
				SUPPORTS_MACCATALYST = NO;
				SUPPORTS_MAC_DESIGNED_FOR_IPHONE_IPAD = NO;
				SWIFT_EMIT_LOC_STRINGS = YES;
				SWIFT_VERSION = 5.0;
				TARGETED_DEVICE_FAMILY = 1;
			};
			name = Release;
		};
		835294D92A64ED36009267DF /* Debug */ = {
			isa = XCBuildConfiguration;
			buildSettings = {
				ALWAYS_EMBED_SWIFT_STANDARD_LIBRARIES = YES;
				BUNDLE_LOADER = "$(TEST_HOST)";
				CODE_SIGN_STYLE = Automatic;
				CURRENT_PROJECT_VERSION = 1;
				DEVELOPMENT_TEAM = J9NUV485VA;
				GENERATE_INFOPLIST_FILE = YES;
				IPHONEOS_DEPLOYMENT_TARGET = 16.4;
				MARKETING_VERSION = 1.0;
				PRODUCT_BUNDLE_IDENTIFIER = com.jcundiff.HomepwnerTests;
				PRODUCT_NAME = "$(TARGET_NAME)";
				SWIFT_EMIT_LOC_STRINGS = NO;
				SWIFT_VERSION = 5.0;
				TARGETED_DEVICE_FAMILY = "1,2";
				TEST_HOST = "$(BUILT_PRODUCTS_DIR)/Homepwner.app/$(BUNDLE_EXECUTABLE_FOLDER_PATH)/Homepwner";
			};
			name = Debug;
		};
		835294DA2A64ED36009267DF /* Release */ = {
			isa = XCBuildConfiguration;
			buildSettings = {
				ALWAYS_EMBED_SWIFT_STANDARD_LIBRARIES = YES;
				BUNDLE_LOADER = "$(TEST_HOST)";
				CODE_SIGN_STYLE = Automatic;
				CURRENT_PROJECT_VERSION = 1;
				DEVELOPMENT_TEAM = J9NUV485VA;
				GENERATE_INFOPLIST_FILE = YES;
				IPHONEOS_DEPLOYMENT_TARGET = 16.4;
				MARKETING_VERSION = 1.0;
				PRODUCT_BUNDLE_IDENTIFIER = com.jcundiff.HomepwnerTests;
				PRODUCT_NAME = "$(TARGET_NAME)";
				SWIFT_EMIT_LOC_STRINGS = NO;
				SWIFT_VERSION = 5.0;
				TARGETED_DEVICE_FAMILY = "1,2";
				TEST_HOST = "$(BUILT_PRODUCTS_DIR)/Homepwner.app/$(BUNDLE_EXECUTABLE_FOLDER_PATH)/Homepwner";
			};
			name = Release;
		};
		835294DC2A64ED36009267DF /* Debug */ = {
			isa = XCBuildConfiguration;
			buildSettings = {
				ALWAYS_EMBED_SWIFT_STANDARD_LIBRARIES = YES;
				CODE_SIGN_STYLE = Automatic;
				CURRENT_PROJECT_VERSION = 1;
				DEVELOPMENT_TEAM = J9NUV485VA;
				GENERATE_INFOPLIST_FILE = YES;
				MARKETING_VERSION = 1.0;
				PRODUCT_BUNDLE_IDENTIFIER = com.jcundiff.HomepwnerUITests;
				PRODUCT_NAME = "$(TARGET_NAME)";
				SWIFT_EMIT_LOC_STRINGS = NO;
				SWIFT_VERSION = 5.0;
				TARGETED_DEVICE_FAMILY = "1,2";
				TEST_TARGET_NAME = Homepwner;
			};
			name = Debug;
		};
		835294DD2A64ED36009267DF /* Release */ = {
			isa = XCBuildConfiguration;
			buildSettings = {
				ALWAYS_EMBED_SWIFT_STANDARD_LIBRARIES = YES;
				CODE_SIGN_STYLE = Automatic;
				CURRENT_PROJECT_VERSION = 1;
				DEVELOPMENT_TEAM = J9NUV485VA;
				GENERATE_INFOPLIST_FILE = YES;
				MARKETING_VERSION = 1.0;
				PRODUCT_BUNDLE_IDENTIFIER = com.jcundiff.HomepwnerUITests;
				PRODUCT_NAME = "$(TARGET_NAME)";
				SWIFT_EMIT_LOC_STRINGS = NO;
				SWIFT_VERSION = 5.0;
				TARGETED_DEVICE_FAMILY = "1,2";
				TEST_TARGET_NAME = Homepwner;
			};
			name = Release;
		};
/* End XCBuildConfiguration section */

/* Begin XCConfigurationList section */
		835294A62A64ED35009267DF /* Build configuration list for PBXProject "Homepwner" */ = {
			isa = XCConfigurationList;
			buildConfigurations = (
				835294D32A64ED36009267DF /* Debug */,
				835294D42A64ED36009267DF /* Release */,
			);
			defaultConfigurationIsVisible = 0;
			defaultConfigurationName = Release;
		};
		835294D52A64ED36009267DF /* Build configuration list for PBXNativeTarget "Homepwner" */ = {
			isa = XCConfigurationList;
			buildConfigurations = (
				835294D62A64ED36009267DF /* Debug */,
				835294D72A64ED36009267DF /* Release */,
			);
			defaultConfigurationIsVisible = 0;
			defaultConfigurationName = Release;
		};
		835294D82A64ED36009267DF /* Build configuration list for PBXNativeTarget "HomepwnerTests" */ = {
			isa = XCConfigurationList;
			buildConfigurations = (
				835294D92A64ED36009267DF /* Debug */,
				835294DA2A64ED36009267DF /* Release */,
			);
			defaultConfigurationIsVisible = 0;
			defaultConfigurationName = Release;
		};
		835294DB2A64ED36009267DF /* Build configuration list for PBXNativeTarget "HomepwnerUITests" */ = {
			isa = XCConfigurationList;
			buildConfigurations = (
				835294DC2A64ED36009267DF /* Debug */,
				835294DD2A64ED36009267DF /* Release */,
			);
			defaultConfigurationIsVisible = 0;
			defaultConfigurationName = Release;
		};
/* End XCConfigurationList section */
	};
	rootObject = 835294A32A64ED35009267DF /* Project object */;
}
